<?xml version="1.0" encoding="utf-8"?>
<Project ToolsVersion="4.0" xmlns="http://schemas.microsoft.com/developer/msbuild/2003">
  <ItemGroup>
    <Filter Include="Source Files">
      <UniqueIdentifier>{4FC737F1-C7A5-4376-A066-2A32D752A2FF}</UniqueIdentifier>
      <Extensions>cpp;c;cc;cxx;c++;cppm;ixx;def;odl;idl;hpj;bat;asm;asmx</Extensions>
    </Filter>
    <Filter Include="Header Files">
      <UniqueIdentifier>{93995380-89BD-4b04-88EB-625FBE52EBFB}</UniqueIdentifier>
      <Extensions>h;hh;hpp;hxx;h++;hm;inl;inc;ipp;xsd</Extensions>
    </Filter>
    <Filter Include="Resource Files">
      <UniqueIdentifier>{67DA6AB6-F800-4c08-8B7A-83BB121AAD01}</UniqueIdentifier>
      <Extensions>rc;ico;cur;bmp;dlg;rc2;rct;bin;rgs;gif;jpg;jpeg;jpe;resx;tiff;tif;png;wav;mfcribbon-ms</Extensions>
    </Filter>
    <Filter Include="Header Files\gcem_incl">
      <UniqueIdentifier>{63a0e737-c772-4efd-8413-6df41dfbbca0}</UniqueIdentifier>
    </Filter>
    <Filter Include="Header Files\gcem_incl\quadrature">
      <UniqueIdentifier>{e1205b0a-2663-4637-85a6-ad70a4bd5dc2}</UniqueIdentifier>
    </Filter>
    <Filter Include="Header Files\wigner">
      <UniqueIdentifier>{839e5ccc-475a-41f5-85c2-75493ebdc7e4}</UniqueIdentifier>
    </Filter>
    <Filter Include="Documentation">
      <UniqueIdentifier>{62692990-6cdc-4d32-88ea-eab9461c94cd}</UniqueIdentifier>
    </Filter>
    <Filter Include="Header Files\Eigen">
      <UniqueIdentifier>{8d3e1903-c395-44a3-b2f1-152d90ef0443}</UniqueIdentifier>
    </Filter>
    <Filter Include="Header Files\Eigen\src">
      <UniqueIdentifier>{96becbde-f045-42e2-8e0c-e619a8bff71d}</UniqueIdentifier>
    </Filter>
  </ItemGroup>
  <ItemGroup>
    <ClCompile Include="AeF-hyperfine-structure.cpp">
      <Filter>Source Files</Filter>
    </ClCompile>
    <ClCompile Include="j_basis_vec.cpp">
      <Filter>Source Files</Filter>
    </ClCompile>
    <ClCompile Include="aef_utils.cpp">
      <Filter>Source Files</Filter>
    </ClCompile>
  </ItemGroup>
  <ItemGroup>
    <ClInclude Include="baf_constants.hpp">
      <Filter>Header Files</Filter>
    </ClInclude>
    <ClInclude Include="j_basis_vec.h">
      <Filter>Header Files</Filter>
    </ClInclude>
    <ClInclude Include="aef_types.h">
      <Filter>Header Files</Filter>
    </ClInclude>
    <ClInclude Include="aef.h">
      <Filter>Header Files</Filter>
    </ClInclude>
    <ClInclude Include="aef_utils.h">
      <Filter>Header Files</Filter>
    </ClInclude>
    <ClInclude Include="include\gcem.hpp">
      <Filter>Header Files</Filter>
    </ClInclude>
    <ClInclude Include="include\gcem_incl\abs.hpp">
      <Filter>Header Files\gcem_incl</Filter>
    </ClInclude>
    <ClInclude Include="include\gcem_incl\acos.hpp">
      <Filter>Header Files\gcem_incl</Filter>
    </ClInclude>
    <ClInclude Include="include\gcem_incl\acosh.hpp">
      <Filter>Header Files\gcem_incl</Filter>
    </ClInclude>
    <ClInclude Include="include\gcem_incl\asin.hpp">
      <Filter>Header Files\gcem_incl</Filter>
    </ClInclude>
    <ClInclude Include="include\gcem_incl\asinh.hpp">
      <Filter>Header Files\gcem_incl</Filter>
    </ClInclude>
    <ClInclude Include="include\gcem_incl\atan.hpp">
      <Filter>Header Files\gcem_incl</Filter>
    </ClInclude>
    <ClInclude Include="include\gcem_incl\atan2.hpp">
      <Filter>Header Files\gcem_incl</Filter>
    </ClInclude>
    <ClInclude Include="include\gcem_incl\atanh.hpp">
      <Filter>Header Files\gcem_incl</Filter>
    </ClInclude>
    <ClInclude Include="include\gcem_incl\beta.hpp">
      <Filter>Header Files\gcem_incl</Filter>
    </ClInclude>
    <ClInclude Include="include\gcem_incl\binomial_coef.hpp">
      <Filter>Header Files\gcem_incl</Filter>
    </ClInclude>
    <ClInclude Include="include\gcem_incl\ceil.hpp">
      <Filter>Header Files\gcem_incl</Filter>
    </ClInclude>
    <ClInclude Include="include\gcem_incl\copysign.hpp">
      <Filter>Header Files\gcem_incl</Filter>
    </ClInclude>
    <ClInclude Include="include\gcem_incl\cos.hpp">
      <Filter>Header Files\gcem_incl</Filter>
    </ClInclude>
    <ClInclude Include="include\gcem_incl\cosh.hpp">
      <Filter>Header Files\gcem_incl</Filter>
    </ClInclude>
    <ClInclude Include="include\gcem_incl\erf.hpp">
      <Filter>Header Files\gcem_incl</Filter>
    </ClInclude>
    <ClInclude Include="include\gcem_incl\erf_inv.hpp">
      <Filter>Header Files\gcem_incl</Filter>
    </ClInclude>
    <ClInclude Include="include\gcem_incl\exp.hpp">
      <Filter>Header Files\gcem_incl</Filter>
    </ClInclude>
    <ClInclude Include="include\gcem_incl\expm1.hpp">
      <Filter>Header Files\gcem_incl</Filter>
    </ClInclude>
    <ClInclude Include="include\gcem_incl\factorial.hpp">
      <Filter>Header Files\gcem_incl</Filter>
    </ClInclude>
    <ClInclude Include="include\gcem_incl\find_exponent.hpp">
      <Filter>Header Files\gcem_incl</Filter>
    </ClInclude>
    <ClInclude Include="include\gcem_incl\find_fraction.hpp">
      <Filter>Header Files\gcem_incl</Filter>
    </ClInclude>
    <ClInclude Include="include\gcem_incl\find_whole.hpp">
      <Filter>Header Files\gcem_incl</Filter>
    </ClInclude>
    <ClInclude Include="include\gcem_incl\floor.hpp">
      <Filter>Header Files\gcem_incl</Filter>
    </ClInclude>
    <ClInclude Include="include\gcem_incl\fmod.hpp">
      <Filter>Header Files\gcem_incl</Filter>
    </ClInclude>
    <ClInclude Include="include\gcem_incl\gcd.hpp">
      <Filter>Header Files\gcem_incl</Filter>
    </ClInclude>
    <ClInclude Include="include\gcem_incl\gcem_options.hpp">
      <Filter>Header Files\gcem_incl</Filter>
    </ClInclude>
    <ClInclude Include="include\gcem_incl\hypot.hpp">
      <Filter>Header Files\gcem_incl</Filter>
    </ClInclude>
    <ClInclude Include="include\gcem_incl\incomplete_beta.hpp">
      <Filter>Header Files\gcem_incl</Filter>
    </ClInclude>
    <ClInclude Include="include\gcem_incl\incomplete_beta_inv.hpp">
      <Filter>Header Files\gcem_incl</Filter>
    </ClInclude>
    <ClInclude Include="include\gcem_incl\incomplete_gamma.hpp">
      <Filter>Header Files\gcem_incl</Filter>
    </ClInclude>
    <ClInclude Include="include\gcem_incl\incomplete_gamma_inv.hpp">
      <Filter>Header Files\gcem_incl</Filter>
    </ClInclude>
    <ClInclude Include="include\gcem_incl\inv_sqrt.hpp">
      <Filter>Header Files\gcem_incl</Filter>
    </ClInclude>
    <ClInclude Include="include\gcem_incl\is_even.hpp">
      <Filter>Header Files\gcem_incl</Filter>
    </ClInclude>
    <ClInclude Include="include\gcem_incl\is_finite.hpp">
      <Filter>Header Files\gcem_incl</Filter>
    </ClInclude>
    <ClInclude Include="include\gcem_incl\is_inf.hpp">
      <Filter>Header Files\gcem_incl</Filter>
    </ClInclude>
    <ClInclude Include="include\gcem_incl\is_nan.hpp">
      <Filter>Header Files\gcem_incl</Filter>
    </ClInclude>
    <ClInclude Include="include\gcem_incl\is_odd.hpp">
      <Filter>Header Files\gcem_incl</Filter>
    </ClInclude>
    <ClInclude Include="include\gcem_incl\lbeta.hpp">
      <Filter>Header Files\gcem_incl</Filter>
    </ClInclude>
    <ClInclude Include="include\gcem_incl\lcm.hpp">
      <Filter>Header Files\gcem_incl</Filter>
    </ClInclude>
    <ClInclude Include="include\gcem_incl\lgamma.hpp">
      <Filter>Header Files\gcem_incl</Filter>
    </ClInclude>
    <ClInclude Include="include\gcem_incl\lmgamma.hpp">
      <Filter>Header Files\gcem_incl</Filter>
    </ClInclude>
    <ClInclude Include="include\gcem_incl\log.hpp">
      <Filter>Header Files\gcem_incl</Filter>
    </ClInclude>
    <ClInclude Include="include\gcem_incl\log_binomial_coef.hpp">
      <Filter>Header Files\gcem_incl</Filter>
    </ClInclude>
    <ClInclude Include="include\gcem_incl\log1p.hpp">
      <Filter>Header Files\gcem_incl</Filter>
    </ClInclude>
    <ClInclude Include="include\gcem_incl\log2.hpp">
      <Filter>Header Files\gcem_incl</Filter>
    </ClInclude>
    <ClInclude Include="include\gcem_incl\log10.hpp">
      <Filter>Header Files\gcem_incl</Filter>
    </ClInclude>
    <ClInclude Include="include\gcem_incl\mantissa.hpp">
      <Filter>Header Files\gcem_incl</Filter>
    </ClInclude>
    <ClInclude Include="include\gcem_incl\max.hpp">
      <Filter>Header Files\gcem_incl</Filter>
    </ClInclude>
    <ClInclude Include="include\gcem_incl\min.hpp">
      <Filter>Header Files\gcem_incl</Filter>
    </ClInclude>
    <ClInclude Include="include\gcem_incl\neg_zero.hpp">
      <Filter>Header Files\gcem_incl</Filter>
    </ClInclude>
    <ClInclude Include="include\gcem_incl\pow.hpp">
      <Filter>Header Files\gcem_incl</Filter>
    </ClInclude>
    <ClInclude Include="include\gcem_incl\pow_integral.hpp">
      <Filter>Header Files\gcem_incl</Filter>
    </ClInclude>
    <ClInclude Include="include\gcem_incl\round.hpp">
      <Filter>Header Files\gcem_incl</Filter>
    </ClInclude>
    <ClInclude Include="include\gcem_incl\sgn.hpp">
      <Filter>Header Files\gcem_incl</Filter>
    </ClInclude>
    <ClInclude Include="include\gcem_incl\signbit.hpp">
      <Filter>Header Files\gcem_incl</Filter>
    </ClInclude>
    <ClInclude Include="include\gcem_incl\sin.hpp">
      <Filter>Header Files\gcem_incl</Filter>
    </ClInclude>
    <ClInclude Include="include\gcem_incl\sinh.hpp">
      <Filter>Header Files\gcem_incl</Filter>
    </ClInclude>
    <ClInclude Include="include\gcem_incl\sqrt.hpp">
      <Filter>Header Files\gcem_incl</Filter>
    </ClInclude>
    <ClInclude Include="include\gcem_incl\tan.hpp">
      <Filter>Header Files\gcem_incl</Filter>
    </ClInclude>
    <ClInclude Include="include\gcem_incl\tanh.hpp">
      <Filter>Header Files\gcem_incl</Filter>
    </ClInclude>
    <ClInclude Include="include\gcem_incl\tgamma.hpp">
      <Filter>Header Files\gcem_incl</Filter>
    </ClInclude>
    <ClInclude Include="include\gcem_incl\trunc.hpp">
      <Filter>Header Files\gcem_incl</Filter>
    </ClInclude>
    <ClInclude Include="include\gcem_incl\quadrature\gauss_legendre_30.hpp">
      <Filter>Header Files\gcem_incl\quadrature</Filter>
    </ClInclude>
    <ClInclude Include="include\gcem_incl\quadrature\gauss_legendre_50.hpp">
      <Filter>Header Files\gcem_incl\quadrature</Filter>
    </ClInclude>
    <ClInclude Include="units.hpp">
      <Filter>Header Files</Filter>
    </ClInclude>
  </ItemGroup>
  <ItemGroup>
    <None Include="README.md">
      <Filter>Documentation</Filter>
    </None>
    <None Include="include\Eigen\Cholesky">
      <Filter>Header Files\Eigen</Filter>
    </None>
    <None Include="include\Eigen\CholmodSupport">
      <Filter>Header Files\Eigen</Filter>
    </None>
    <None Include="include\Eigen\Core">
      <Filter>Header Files\Eigen</Filter>
    </None>
    <None Include="include\Eigen\Dense">
      <Filter>Header Files\Eigen</Filter>
    </None>
    <None Include="include\Eigen\Eigen">
      <Filter>Header Files\Eigen</Filter>
    </None>
    <None Include="include\Eigen\Eigenvalues">
      <Filter>Header Files\Eigen</Filter>
    </None>
    <None Include="include\Eigen\Geometry">
      <Filter>Header Files\Eigen</Filter>
    </None>
    <None Include="include\Eigen\Householder">
      <Filter>Header Files\Eigen</Filter>
    </None>
    <None Include="include\Eigen\IterativeLinearSolvers">
      <Filter>Header Files\Eigen</Filter>
    </None>
    <None Include="include\Eigen\Jacobi">
      <Filter>Header Files\Eigen</Filter>
    </None>
    <None Include="include\Eigen\KLUSupport">
      <Filter>Header Files\Eigen</Filter>
    </None>
    <None Include="include\Eigen\LU">
      <Filter>Header Files\Eigen</Filter>
    </None>
    <None Include="include\Eigen\MetisSupport">
      <Filter>Header Files\Eigen</Filter>
    </None>
    <None Include="include\Eigen\OrderingMethods">
      <Filter>Header Files\Eigen</Filter>
    </None>
    <None Include="include\Eigen\PardisoSupport">
      <Filter>Header Files\Eigen</Filter>
    </None>
    <None Include="include\Eigen\PaStiXSupport">
      <Filter>Header Files\Eigen</Filter>
    </None>
    <None Include="include\Eigen\QR">
      <Filter>Header Files\Eigen</Filter>
    </None>
    <None Include="include\Eigen\QtAlignedMalloc">
      <Filter>Header Files\Eigen</Filter>
    </None>
    <None Include="include\Eigen\Sparse">
      <Filter>Header Files\Eigen</Filter>
    </None>
    <None Include="include\Eigen\SparseCholesky">
      <Filter>Header Files\Eigen</Filter>
    </None>
    <None Include="include\Eigen\SparseCore">
      <Filter>Header Files\Eigen</Filter>
    </None>
    <None Include="include\Eigen\SparseLU">
      <Filter>Header Files\Eigen</Filter>
    </None>
    <None Include="include\Eigen\SparseQR">
      <Filter>Header Files\Eigen</Filter>
    </None>
    <None Include="include\Eigen\SPQRSupport">
      <Filter>Header Files\Eigen</Filter>
    </None>
    <None Include="include\Eigen\StdDeque">
      <Filter>Header Files\Eigen</Filter>
    </None>
    <None Include="include\Eigen\StdList">
      <Filter>Header Files\Eigen</Filter>
    </None>
    <None Include="include\Eigen\StdVector">
      <Filter>Header Files\Eigen</Filter>
    </None>
    <None Include="include\Eigen\SuperLUSupport">
      <Filter>Header Files\Eigen</Filter>
    </None>
    <None Include="include\Eigen\SVD">
      <Filter>Header Files\Eigen</Filter>
    </None>
    <None Include="include\Eigen\UmfPackSupport">
      <Filter>Header Files\Eigen</Filter>
    </None>
  </ItemGroup>
</Project>